
Microsoft Visual Studio Solution File, Format Version 12.00
# Visual Studio 15
VisualStudioVersion = 15.0.28307.1082
MinimumVisualStudioVersion = 10.0.40219.1
Project("{FAE04EC0-301F-11D3-BF4B-00C04F79EFBC}") = "WebApplication1", "WebApplication1\WebApplication1.csproj", "{A7E4A2B2-BFBA-4B2E-A0D5-B32D828D0091}"
EndProject
Global
	GlobalSection(SolutionConfigurationPlatforms) = preSolution
		Debug|Any CPU = Debug|Any CPU
		Release|Any CPU = Release|Any CPU
	EndGlobalSection
	GlobalSection(ProjectConfigurationPlatforms) = postSolution
		{A7E4A2B2-BFBA-4B2E-A0D5-B32D828D0091}.Debug|Any CPU.ActiveCfg = Debug|Any CPU
		{A7E4A2B2-BFBA-4B2E-A0D5-B32D828D0091}.Debug|Any CPU.Build.0 = Debug|Any CPU
		{A7E4A2B2-BFBA-4B2E-A0D5-B32D828D0091}.Release|Any CPU.ActiveCfg = Release|Any CPU
		{A7E4A2B2-BFBA-4B2E-A0D5-B32D828D0091}.Release|Any CPU.Build.0 = Release|Any CPU
	EndGlobalSection
	GlobalSection(SolutionProperties) = preSolution
		HideSolutionNode = FALSE
	EndGlobalSection
	GlobalSection(ExtensibilityGlobals) = postSolution
		SolutionGuid = {879DD070-5818-48FD-8F35-9870BC56E7AC}
	EndGlobalSection
EndGlobal
